
Microsoft Visual Studio Solution File, Format Version 12.00
# Visual Studio Version 16
VisualStudioVersion = 16.0.29215.179
MinimumVisualStudioVersion = 10.0.40219.1
Project("{FAE04EC0-301F-11D3-BF4B-00C04F79EFBC}") = "Clicker", "Clicker\Clicker.csproj", "{5A3CEDCB-2CD8-4470-8795-49D1B3E3D5EE}"
EndProject
Global
	GlobalSection(SolutionConfigurationPlatforms) = preSolution
		Debug|Any CPU = Debug|Any CPU
		Release|Any CPU = Release|Any CPU
	EndGlobalSection
	GlobalSection(ProjectConfigurationPlatforms) = postSolution
		{5A3CEDCB-2CD8-4470-8795-49D1B3E3D5EE}.Debug|Any CPU.ActiveCfg = Debug|Any CPU
		{5A3CEDCB-2CD8-4470-8795-49D1B3E3D5EE}.Debug|Any CPU.Build.0 = Debug|Any CPU
		{5A3CEDCB-2CD8-4470-8795-49D1B3E3D5EE}.Release|Any CPU.ActiveCfg = Release|Any CPU
		{5A3CEDCB-2CD8-4470-8795-49D1B3E3D5EE}.Release|Any CPU.Build.0 = Release|Any CPU
	EndGlobalSection
	GlobalSection(SolutionProperties) = preSolution
		HideSolutionNode = FALSE
	EndGlobalSection
	GlobalSection(ExtensibilityGlobals) = postSolution
		SolutionGuid = {3AA2E74F-52A2-4E57-8463-894832F4AABE}
	EndGlobalSection
EndGlobal
